
Microsoft Visual Studio Solution File, Format Version 12.00
# Visual Studio Version 17
VisualStudioVersion = 17.11.35222.181
MinimumVisualStudioVersion = 10.0.40219.1
Project("{FAE04EC0-301F-11D3-BF4B-00C04F79EFBC}") = "BMCWindows", "BMCWindows.csproj", "{EBE2A283-1642-49B7-8A45-8B32A91920B9}"
EndProject
Global
	GlobalSection(SolutionConfigurationPlatforms) = preSolution
		Debug|Any CPU = Debug|Any CPU
		Release|Any CPU = Release|Any CPU
	EndGlobalSection
	GlobalSection(ProjectConfigurationPlatforms) = postSolution
		{EBE2A283-1642-49B7-8A45-8B32A91920B9}.Debug|Any CPU.ActiveCfg = Debug|Any CPU
		{EBE2A283-1642-49B7-8A45-8B32A91920B9}.Debug|Any CPU.Build.0 = Debug|Any CPU
		{EBE2A283-1642-49B7-8A45-8B32A91920B9}.Release|Any CPU.ActiveCfg = Release|Any CPU
		{EBE2A283-1642-49B7-8A45-8B32A91920B9}.Release|Any CPU.Build.0 = Release|Any CPU
	EndGlobalSection
	GlobalSection(SolutionProperties) = preSolution
		HideSolutionNode = FALSE
	EndGlobalSection
	GlobalSection(ExtensibilityGlobals) = postSolution
		SolutionGuid = {3BC703C2-646E-401A-8739-D1EF5D198628}
	EndGlobalSection
EndGlobal
